// !$*UTF8*$!
{
	archiveVersion = 1;
	classes = {
	};
	objectVersion = 55;
	objects = {

/* Begin PBXBuildFile section */
		28A8FDC827CE7442001F1100 /* CoinRadarApp.swift in Sources */ = {isa = PBXBuildFile; fileRef = 28A8FDC727CE7442001F1100 /* CoinRadarApp.swift */; };
		28A8FDCA27CE7442001F1100 /* ContentView.swift in Sources */ = {isa = PBXBuildFile; fileRef = 28A8FDC927CE7442001F1100 /* ContentView.swift */; };
		28A8FDCC27CE7443001F1100 /* Assets.xcassets in Resources */ = {isa = PBXBuildFile; fileRef = 28A8FDCB27CE7443001F1100 /* Assets.xcassets */; };
		28A8FDCF27CE7443001F1100 /* Preview Assets.xcassets in Resources */ = {isa = PBXBuildFile; fileRef = 28A8FDCE27CE7443001F1100 /* Preview Assets.xcassets */; };
		28A8FDDC27CE8253001F1100 /* LaunchScreen.storyboard in Resources */ = {isa = PBXBuildFile; fileRef = 28A8FDDB27CE8253001F1100 /* LaunchScreen.storyboard */; };
		28A8FDDE27CE8543001F1100 /* LunchView.swift in Sources */ = {isa = PBXBuildFile; fileRef = 28A8FDDD27CE8543001F1100 /* LunchView.swift */; };
		28A8FDE327CE879A001F1100 /* Color.swift in Sources */ = {isa = PBXBuildFile; fileRef = 28A8FDE227CE879A001F1100 /* Color.swift */; };
		28A8FDE527CE87BB001F1100 /* AppStyle.swift in Sources */ = {isa = PBXBuildFile; fileRef = 28A8FDE427CE87BB001F1100 /* AppStyle.swift */; };
		28A8FDE727CE87DB001F1100 /* AppColor.swift in Sources */ = {isa = PBXBuildFile; fileRef = 28A8FDE627CE87DB001F1100 /* AppColor.swift */; };
		28A8FDE927CE93E0001F1100 /* Assets.swift in Sources */ = {isa = PBXBuildFile; fileRef = 28A8FDE827CE93E0001F1100 /* Assets.swift */; };
		28A8FDEB27CE9507001F1100 /* View.swift in Sources */ = {isa = PBXBuildFile; fileRef = 28A8FDEA27CE9507001F1100 /* View.swift */; };
		28A8FDEE27CE9566001F1100 /* FrameViewModifier.swift in Sources */ = {isa = PBXBuildFile; fileRef = 28A8FDED27CE9566001F1100 /* FrameViewModifier.swift */; };
		28A8FDF127CE9BB3001F1100 /* LunchViewModel.swift in Sources */ = {isa = PBXBuildFile; fileRef = 28A8FDF027CE9BB3001F1100 /* LunchViewModel.swift */; };
		28F89EE427D1174100CE82B7 /* TabBarView.swift in Sources */ = {isa = PBXBuildFile; fileRef = 28F89EE327D1174100CE82B7 /* TabBarView.swift */; };
		28F89EE727D1182700CE82B7 /* CustomCornerRadiusPath.swift in Sources */ = {isa = PBXBuildFile; fileRef = 28F89EE627D1182700CE82B7 /* CustomCornerRadiusPath.swift */; };
		28F89EE927D1199200CE82B7 /* CustomCornerRadiusViewModifier.swift in Sources */ = {isa = PBXBuildFile; fileRef = 28F89EE827D1199200CE82B7 /* CustomCornerRadiusViewModifier.swift */; };
/* End PBXBuildFile section */

/* Begin PBXFileReference section */
		28A8FDC427CE7442001F1100 /* CoinRadar.app */ = {isa = PBXFileReference; explicitFileType = wrapper.application; includeInIndex = 0; path = CoinRadar.app; sourceTree = BUILT_PRODUCTS_DIR; };
		28A8FDC727CE7442001F1100 /* CoinRadarApp.swift */ = {isa = PBXFileReference; lastKnownFileType = sourcecode.swift; path = CoinRadarApp.swift; sourceTree = "<group>"; };
		28A8FDC927CE7442001F1100 /* ContentView.swift */ = {isa = PBXFileReference; lastKnownFileType = sourcecode.swift; path = ContentView.swift; sourceTree = "<group>"; };
		28A8FDCB27CE7443001F1100 /* Assets.xcassets */ = {isa = PBXFileReference; lastKnownFileType = folder.assetcatalog; path = Assets.xcassets; sourceTree = "<group>"; };
		28A8FDCE27CE7443001F1100 /* Preview Assets.xcassets */ = {isa = PBXFileReference; lastKnownFileType = folder.assetcatalog; path = "Preview Assets.xcassets"; sourceTree = "<group>"; };
		28A8FDDB27CE8253001F1100 /* LaunchScreen.storyboard */ = {isa = PBXFileReference; lastKnownFileType = file.storyboard; path = LaunchScreen.storyboard; sourceTree = "<group>"; };
		28A8FDDD27CE8543001F1100 /* LunchView.swift */ = {isa = PBXFileReference; lastKnownFileType = sourcecode.swift; path = LunchView.swift; sourceTree = "<group>"; };
		28A8FDE227CE879A001F1100 /* Color.swift */ = {isa = PBXFileReference; lastKnownFileType = sourcecode.swift; path = Color.swift; sourceTree = "<group>"; };
		28A8FDE427CE87BB001F1100 /* AppStyle.swift */ = {isa = PBXFileReference; lastKnownFileType = sourcecode.swift; path = AppStyle.swift; sourceTree = "<group>"; };
		28A8FDE627CE87DB001F1100 /* AppColor.swift */ = {isa = PBXFileReference; lastKnownFileType = sourcecode.swift; path = AppColor.swift; sourceTree = "<group>"; };
		28A8FDE827CE93E0001F1100 /* Assets.swift */ = {isa = PBXFileReference; lastKnownFileType = sourcecode.swift; path = Assets.swift; sourceTree = "<group>"; };
		28A8FDEA27CE9507001F1100 /* View.swift */ = {isa = PBXFileReference; lastKnownFileType = sourcecode.swift; path = View.swift; sourceTree = "<group>"; };
		28A8FDED27CE9566001F1100 /* FrameViewModifier.swift */ = {isa = PBXFileReference; lastKnownFileType = sourcecode.swift; path = FrameViewModifier.swift; sourceTree = "<group>"; };
		28A8FDF027CE9BB3001F1100 /* LunchViewModel.swift */ = {isa = PBXFileReference; lastKnownFileType = sourcecode.swift; path = LunchViewModel.swift; sourceTree = "<group>"; };
		28F89EE327D1174100CE82B7 /* TabBarView.swift */ = {isa = PBXFileReference; lastKnownFileType = sourcecode.swift; path = TabBarView.swift; sourceTree = "<group>"; };
		28F89EE627D1182700CE82B7 /* CustomCornerRadiusPath.swift */ = {isa = PBXFileReference; lastKnownFileType = sourcecode.swift; path = CustomCornerRadiusPath.swift; sourceTree = "<group>"; };
		28F89EE827D1199200CE82B7 /* CustomCornerRadiusViewModifier.swift */ = {isa = PBXFileReference; lastKnownFileType = sourcecode.swift; path = CustomCornerRadiusViewModifier.swift; sourceTree = "<group>"; };
/* End PBXFileReference section */

/* Begin PBXFrameworksBuildPhase section */
		28A8FDC127CE7442001F1100 /* Frameworks */ = {
			isa = PBXFrameworksBuildPhase;
			buildActionMask = 2147483647;
			files = (
			);
			runOnlyForDeploymentPostprocessing = 0;
		};
/* End PBXFrameworksBuildPhase section */

/* Begin PBXGroup section */
		28A8FDBB27CE7442001F1100 = {
			isa = PBXGroup;
			children = (
				28A8FDC627CE7442001F1100 /* CoinRadar */,
				28A8FDC527CE7442001F1100 /* Products */,
			);
			sourceTree = "<group>";
		};
		28A8FDC527CE7442001F1100 /* Products */ = {
			isa = PBXGroup;
			children = (
				28A8FDC427CE7442001F1100 /* CoinRadar.app */,
			);
			name = Products;
			sourceTree = "<group>";
		};
		28A8FDC627CE7442001F1100 /* CoinRadar */ = {
			isa = PBXGroup;
			children = (
				28A8FDC727CE7442001F1100 /* CoinRadarApp.swift */,
				28A8FDD727CE7456001F1100 /* Models */,
				28A8FDD927CE7462001F1100 /* Views */,
				28A8FDD827CE745B001F1100 /* ViewModels */,
				28A8FDD627CE7451001F1100 /* Resources */,
				28A8FDD527CE744C001F1100 /* Utils */,
				28A8FDCD27CE7443001F1100 /* Preview Content */,
			);
			path = CoinRadar;
			sourceTree = "<group>";
		};
		28A8FDCD27CE7443001F1100 /* Preview Content */ = {
			isa = PBXGroup;
			children = (
				28A8FDCE27CE7443001F1100 /* Preview Assets.xcassets */,
			);
			path = "Preview Content";
			sourceTree = "<group>";
		};
		28A8FDD527CE744C001F1100 /* Utils */ = {
			isa = PBXGroup;
			children = (
				28F89EE527D1180B00CE82B7 /* Shapes */,
				28A8FDEC27CE9557001F1100 /* ViewModifiers */,
				28A8FDE027CE877F001F1100 /* Structs */,
				28A8FDDF27CE8779001F1100 /* Enums */,
				28A8FDE127CE8787001F1100 /* Extensions */,
			);
			path = Utils;
			sourceTree = "<group>";
		};
		28A8FDD627CE7451001F1100 /* Resources */ = {
			isa = PBXGroup;
			children = (
				28A8FDCB27CE7443001F1100 /* Assets.xcassets */,
			);
			path = Resources;
			sourceTree = "<group>";
		};
		28A8FDD727CE7456001F1100 /* Models */ = {
			isa = PBXGroup;
			children = (
			);
			path = Models;
			sourceTree = "<group>";
		};
		28A8FDD827CE745B001F1100 /* ViewModels */ = {
			isa = PBXGroup;
			children = (
				28A8FDEF27CE9BA0001F1100 /* LunchScreen */,
			);
			path = ViewModels;
			sourceTree = "<group>";
		};
		28A8FDD927CE7462001F1100 /* Views */ = {
			isa = PBXGroup;
			children = (
				28A8FDC927CE7442001F1100 /* ContentView.swift */,
				28A8FDDA27CE8224001F1100 /* LunchScreen */,
				28F89EE227D116C900CE82B7 /* Navigation */,
			);
			path = Views;
			sourceTree = "<group>";
		};
		28A8FDDA27CE8224001F1100 /* LunchScreen */ = {
			isa = PBXGroup;
			children = (
				28A8FDDB27CE8253001F1100 /* LaunchScreen.storyboard */,
				28A8FDDD27CE8543001F1100 /* LunchView.swift */,
			);
			path = LunchScreen;
			sourceTree = "<group>";
		};
		28A8FDDF27CE8779001F1100 /* Enums */ = {
			isa = PBXGroup;
			children = (
				28A8FDE427CE87BB001F1100 /* AppStyle.swift */,
				28A8FDE827CE93E0001F1100 /* Assets.swift */,
			);
			path = Enums;
			sourceTree = "<group>";
		};
		28A8FDE027CE877F001F1100 /* Structs */ = {
			isa = PBXGroup;
			children = (
				28A8FDE627CE87DB001F1100 /* AppColor.swift */,
			);
			path = Structs;
			sourceTree = "<group>";
		};
		28A8FDE127CE8787001F1100 /* Extensions */ = {
			isa = PBXGroup;
			children = (
				28A8FDE227CE879A001F1100 /* Color.swift */,
				28A8FDEA27CE9507001F1100 /* View.swift */,
			);
			path = Extensions;
			sourceTree = "<group>";
		};
		28A8FDEC27CE9557001F1100 /* ViewModifiers */ = {
			isa = PBXGroup;
			children = (
				28A8FDED27CE9566001F1100 /* FrameViewModifier.swift */,
				28F89EE827D1199200CE82B7 /* CustomCornerRadiusViewModifier.swift */,
			);
			path = ViewModifiers;
			sourceTree = "<group>";
		};
		28A8FDEF27CE9BA0001F1100 /* LunchScreen */ = {
			isa = PBXGroup;
			children = (
				28A8FDF027CE9BB3001F1100 /* LunchViewModel.swift */,
			);
			path = LunchScreen;
			sourceTree = "<group>";
		};
		28F89EE227D116C900CE82B7 /* Navigation */ = {
			isa = PBXGroup;
			children = (
				28F89EE327D1174100CE82B7 /* TabBarView.swift */,
			);
			path = Navigation;
			sourceTree = "<group>";
		};
		28F89EE527D1180B00CE82B7 /* Shapes */ = {
			isa = PBXGroup;
			children = (
				28F89EE627D1182700CE82B7 /* CustomCornerRadiusPath.swift */,
			);
			path = Shapes;
			sourceTree = "<group>";
		};
/* End PBXGroup section */

/* Begin PBXNativeTarget section */
		28A8FDC327CE7442001F1100 /* CoinRadar */ = {
			isa = PBXNativeTarget;
			buildConfigurationList = 28A8FDD227CE7443001F1100 /* Build configuration list for PBXNativeTarget "CoinRadar" */;
			buildPhases = (
				28A8FDC027CE7442001F1100 /* Sources */,
				28A8FDC127CE7442001F1100 /* Frameworks */,
				28A8FDC227CE7442001F1100 /* Resources */,
			);
			buildRules = (
			);
			dependencies = (
			);
			name = CoinRadar;
			productName = CoinRadar;
			productReference = 28A8FDC427CE7442001F1100 /* CoinRadar.app */;
			productType = "com.apple.product-type.application";
		};
/* End PBXNativeTarget section */

/* Begin PBXProject section */
		28A8FDBC27CE7442001F1100 /* Project object */ = {
			isa = PBXProject;
			attributes = {
				BuildIndependentTargetsInParallel = 1;
				LastSwiftUpdateCheck = 1320;
				LastUpgradeCheck = 1320;
				TargetAttributes = {
					28A8FDC327CE7442001F1100 = {
						CreatedOnToolsVersion = 13.2.1;
					};
				};
			};
			buildConfigurationList = 28A8FDBF27CE7442001F1100 /* Build configuration list for PBXProject "CoinRadar" */;
			compatibilityVersion = "Xcode 13.0";
			developmentRegion = en;
			hasScannedForEncodings = 0;
			knownRegions = (
				en,
				Base,
			);
			mainGroup = 28A8FDBB27CE7442001F1100;
			productRefGroup = 28A8FDC527CE7442001F1100 /* Products */;
			projectDirPath = "";
			projectRoot = "";
			targets = (
				28A8FDC327CE7442001F1100 /* CoinRadar */,
			);
		};
/* End PBXProject section */

/* Begin PBXResourcesBuildPhase section */
		28A8FDC227CE7442001F1100 /* Resources */ = {
			isa = PBXResourcesBuildPhase;
			buildActionMask = 2147483647;
			files = (
				28A8FDDC27CE8253001F1100 /* LaunchScreen.storyboard in Resources */,
				28A8FDCF27CE7443001F1100 /* Preview Assets.xcassets in Resources */,
				28A8FDCC27CE7443001F1100 /* Assets.xcassets in Resources */,
			);
			runOnlyForDeploymentPostprocessing = 0;
		};
/* End PBXResourcesBuildPhase section */

/* Begin PBXSourcesBuildPhase section */
		28A8FDC027CE7442001F1100 /* Sources */ = {
			isa = PBXSourcesBuildPhase;
			buildActionMask = 2147483647;
			files = (
				28A8FDEE27CE9566001F1100 /* FrameViewModifier.swift in Sources */,
				28A8FDEB27CE9507001F1100 /* View.swift in Sources */,
				28F89EE927D1199200CE82B7 /* CustomCornerRadiusViewModifier.swift in Sources */,
				28A8FDCA27CE7442001F1100 /* ContentView.swift in Sources */,
				28A8FDE927CE93E0001F1100 /* Assets.swift in Sources */,
				28A8FDE527CE87BB001F1100 /* AppStyle.swift in Sources */,
				28A8FDF127CE9BB3001F1100 /* LunchViewModel.swift in Sources */,
				28A8FDE327CE879A001F1100 /* Color.swift in Sources */,
				28F89EE727D1182700CE82B7 /* CustomCornerRadiusPath.swift in Sources */,
				28A8FDC827CE7442001F1100 /* CoinRadarApp.swift in Sources */,
				28F89EE427D1174100CE82B7 /* TabBarView.swift in Sources */,
				28A8FDDE27CE8543001F1100 /* LunchView.swift in Sources */,
				28A8FDE727CE87DB001F1100 /* AppColor.swift in Sources */,
			);
			runOnlyForDeploymentPostprocessing = 0;
		};
/* End PBXSourcesBuildPhase section */

/* Begin XCBuildConfiguration section */
		28A8FDD027CE7443001F1100 /* Debug */ = {
			isa = XCBuildConfiguration;
			buildSettings = {
				ALWAYS_SEARCH_USER_PATHS = NO;
				CLANG_ANALYZER_NONNULL = YES;
				CLANG_ANALYZER_NUMBER_OBJECT_CONVERSION = YES_AGGRESSIVE;
				CLANG_CXX_LANGUAGE_STANDARD = "gnu++17";
				CLANG_CXX_LIBRARY = "libc++";
				CLANG_ENABLE_MODULES = YES;
				CLANG_ENABLE_OBJC_ARC = YES;
				CLANG_ENABLE_OBJC_WEAK = YES;
				CLANG_WARN_BLOCK_CAPTURE_AUTORELEASING = YES;
				CLANG_WARN_BOOL_CONVERSION = YES;
				CLANG_WARN_COMMA = YES;
				CLANG_WARN_CONSTANT_CONVERSION = YES;
				CLANG_WARN_DEPRECATED_OBJC_IMPLEMENTATIONS = YES;
				CLANG_WARN_DIRECT_OBJC_ISA_USAGE = YES_ERROR;
				CLANG_WARN_DOCUMENTATION_COMMENTS = YES;
				CLANG_WARN_EMPTY_BODY = YES;
				CLANG_WARN_ENUM_CONVERSION = YES;
				CLANG_WARN_INFINITE_RECURSION = YES;
				CLANG_WARN_INT_CONVERSION = YES;
				CLANG_WARN_NON_LITERAL_NULL_CONVERSION = YES;
				CLANG_WARN_OBJC_IMPLICIT_RETAIN_SELF = YES;
				CLANG_WARN_OBJC_LITERAL_CONVERSION = YES;
				CLANG_WARN_OBJC_ROOT_CLASS = YES_ERROR;
				CLANG_WARN_QUOTED_INCLUDE_IN_FRAMEWORK_HEADER = YES;
				CLANG_WARN_RANGE_LOOP_ANALYSIS = YES;
				CLANG_WARN_STRICT_PROTOTYPES = YES;
				CLANG_WARN_SUSPICIOUS_MOVE = YES;
				CLANG_WARN_UNGUARDED_AVAILABILITY = YES_AGGRESSIVE;
				CLANG_WARN_UNREACHABLE_CODE = YES;
				CLANG_WARN__DUPLICATE_METHOD_MATCH = YES;
				COPY_PHASE_STRIP = NO;
				DEBUG_INFORMATION_FORMAT = dwarf;
				ENABLE_STRICT_OBJC_MSGSEND = YES;
				ENABLE_TESTABILITY = YES;
				GCC_C_LANGUAGE_STANDARD = gnu11;
				GCC_DYNAMIC_NO_PIC = NO;
				GCC_NO_COMMON_BLOCKS = YES;
				GCC_OPTIMIZATION_LEVEL = 0;
				GCC_PREPROCESSOR_DEFINITIONS = (
					"DEBUG=1",
					"$(inherited)",
				);
				GCC_WARN_64_TO_32_BIT_CONVERSION = YES;
				GCC_WARN_ABOUT_RETURN_TYPE = YES_ERROR;
				GCC_WARN_UNDECLARED_SELECTOR = YES;
				GCC_WARN_UNINITIALIZED_AUTOS = YES_AGGRESSIVE;
				GCC_WARN_UNUSED_FUNCTION = YES;
				GCC_WARN_UNUSED_VARIABLE = YES;
				IPHONEOS_DEPLOYMENT_TARGET = 15.2;
				MTL_ENABLE_DEBUG_INFO = INCLUDE_SOURCE;
				MTL_FAST_MATH = YES;
				ONLY_ACTIVE_ARCH = YES;
				SDKROOT = iphoneos;
				SWIFT_ACTIVE_COMPILATION_CONDITIONS = DEBUG;
				SWIFT_OPTIMIZATION_LEVEL = "-Onone";
			};
			name = Debug;
		};
		28A8FDD127CE7443001F1100 /* Release */ = {
			isa = XCBuildConfiguration;
			buildSettings = {
				ALWAYS_SEARCH_USER_PATHS = NO;
				CLANG_ANALYZER_NONNULL = YES;
				CLANG_ANALYZER_NUMBER_OBJECT_CONVERSION = YES_AGGRESSIVE;
				CLANG_CXX_LANGUAGE_STANDARD = "gnu++17";
				CLANG_CXX_LIBRARY = "libc++";
				CLANG_ENABLE_MODULES = YES;
				CLANG_ENABLE_OBJC_ARC = YES;
				CLANG_ENABLE_OBJC_WEAK = YES;
				CLANG_WARN_BLOCK_CAPTURE_AUTORELEASING = YES;
				CLANG_WARN_BOOL_CONVERSION = YES;
				CLANG_WARN_COMMA = YES;
				CLANG_WARN_CONSTANT_CONVERSION = YES;
				CLANG_WARN_DEPRECATED_OBJC_IMPLEMENTATIONS = YES;
				CLANG_WARN_DIRECT_OBJC_ISA_USAGE = YES_ERROR;
				CLANG_WARN_DOCUMENTATION_COMMENTS = YES;
				CLANG_WARN_EMPTY_BODY = YES;
				CLANG_WARN_ENUM_CONVERSION = YES;
				CLANG_WARN_INFINITE_RECURSION = YES;
				CLANG_WARN_INT_CONVERSION = YES;
				CLANG_WARN_NON_LITERAL_NULL_CONVERSION = YES;
				CLANG_WARN_OBJC_IMPLICIT_RETAIN_SELF = YES;
				CLANG_WARN_OBJC_LITERAL_CONVERSION = YES;
				CLANG_WARN_OBJC_ROOT_CLASS = YES_ERROR;
				CLANG_WARN_QUOTED_INCLUDE_IN_FRAMEWORK_HEADER = YES;
				CLANG_WARN_RANGE_LOOP_ANALYSIS = YES;
				CLANG_WARN_STRICT_PROTOTYPES = YES;
				CLANG_WARN_SUSPICIOUS_MOVE = YES;
				CLANG_WARN_UNGUARDED_AVAILABILITY = YES_AGGRESSIVE;
				CLANG_WARN_UNREACHABLE_CODE = YES;
				CLANG_WARN__DUPLICATE_METHOD_MATCH = YES;
				COPY_PHASE_STRIP = NO;
				DEBUG_INFORMATION_FORMAT = "dwarf-with-dsym";
				ENABLE_NS_ASSERTIONS = NO;
				ENABLE_STRICT_OBJC_MSGSEND = YES;
				GCC_C_LANGUAGE_STANDARD = gnu11;
				GCC_NO_COMMON_BLOCKS = YES;
				GCC_WARN_64_TO_32_BIT_CONVERSION = YES;
				GCC_WARN_ABOUT_RETURN_TYPE = YES_ERROR;
				GCC_WARN_UNDECLARED_SELECTOR = YES;
				GCC_WARN_UNINITIALIZED_AUTOS = YES_AGGRESSIVE;
				GCC_WARN_UNUSED_FUNCTION = YES;
				GCC_WARN_UNUSED_VARIABLE = YES;
				IPHONEOS_DEPLOYMENT_TARGET = 15.2;
				MTL_ENABLE_DEBUG_INFO = NO;
				MTL_FAST_MATH = YES;
				SDKROOT = iphoneos;
				SWIFT_COMPILATION_MODE = wholemodule;
				SWIFT_OPTIMIZATION_LEVEL = "-O";
				VALIDATE_PRODUCT = YES;
			};
			name = Release;
		};
		28A8FDD327CE7443001F1100 /* Debug */ = {
			isa = XCBuildConfiguration;
			buildSettings = {
				ASSETCATALOG_COMPILER_APPICON_NAME = AppIcon;
				ASSETCATALOG_COMPILER_GLOBAL_ACCENT_COLOR_NAME = AccentColor;
				CODE_SIGN_STYLE = Automatic;
				CURRENT_PROJECT_VERSION = 1;
				DEVELOPMENT_ASSET_PATHS = "\"CoinRadar/Preview Content\"";
				DEVELOPMENT_TEAM = M4K2UP2N9Q;
				ENABLE_PREVIEWS = YES;
				GENERATE_INFOPLIST_FILE = YES;
				INFOPLIST_KEY_UIApplicationSceneManifest_Generation = YES;
				INFOPLIST_KEY_UIApplicationSupportsIndirectInputEvents = YES;
				INFOPLIST_KEY_UILaunchStoryboardName = LaunchScreen;
				INFOPLIST_KEY_UISupportedInterfaceOrientations = UIInterfaceOrientationPortrait;
				INFOPLIST_KEY_UISupportedInterfaceOrientations_iPad = UIInterfaceOrientationPortrait;
				INFOPLIST_KEY_UISupportedInterfaceOrientations_iPhone = "UIInterfaceOrientationPortrait UIInterfaceOrientationLandscapeLeft UIInterfaceOrientationLandscapeRight";
				LD_RUNPATH_SEARCH_PATHS = (
					"$(inherited)",
					"@executable_path/Frameworks",
				);
				MARKETING_VERSION = 1.0;
				PRODUCT_BUNDLE_IDENTIFIER = com.ar.z.CoinRadar;
				PRODUCT_NAME = "$(TARGET_NAME)";
				SWIFT_EMIT_LOC_STRINGS = YES;
				SWIFT_VERSION = 5.0;
				TARGETED_DEVICE_FAMILY = "1,2";
			};
			name = Debug;
		};
		28A8FDD427CE7443001F1100 /* Release */ = {
			isa = XCBuildConfiguration;
			buildSettings = {
				ASSETCATALOG_COMPILER_APPICON_NAME = AppIcon;
				ASSETCATALOG_COMPILER_GLOBAL_ACCENT_COLOR_NAME = AccentColor;
				CODE_SIGN_STYLE = Automatic;
				CURRENT_PROJECT_VERSION = 1;
				DEVELOPMENT_ASSET_PATHS = "\"CoinRadar/Preview Content\"";
				DEVELOPMENT_TEAM = M4K2UP2N9Q;
				ENABLE_PREVIEWS = YES;
				GENERATE_INFOPLIST_FILE = YES;
				INFOPLIST_KEY_UIApplicationSceneManifest_Generation = YES;
				INFOPLIST_KEY_UIApplicationSupportsIndirectInputEvents = YES;
				INFOPLIST_KEY_UILaunchStoryboardName = LaunchScreen;
				INFOPLIST_KEY_UISupportedInterfaceOrientations = UIInterfaceOrientationPortrait;
				INFOPLIST_KEY_UISupportedInterfaceOrientations_iPad = UIInterfaceOrientationPortrait;
				INFOPLIST_KEY_UISupportedInterfaceOrientations_iPhone = "UIInterfaceOrientationPortrait UIInterfaceOrientationLandscapeLeft UIInterfaceOrientationLandscapeRight";
				LD_RUNPATH_SEARCH_PATHS = (
					"$(inherited)",
					"@executable_path/Frameworks",
				);
				MARKETING_VERSION = 1.0;
				PRODUCT_BUNDLE_IDENTIFIER = com.ar.z.CoinRadar;
				PRODUCT_NAME = "$(TARGET_NAME)";
				SWIFT_EMIT_LOC_STRINGS = YES;
				SWIFT_VERSION = 5.0;
				TARGETED_DEVICE_FAMILY = "1,2";
			};
			name = Release;
		};
/* End XCBuildConfiguration section */

/* Begin XCConfigurationList section */
		28A8FDBF27CE7442001F1100 /* Build configuration list for PBXProject "CoinRadar" */ = {
			isa = XCConfigurationList;
			buildConfigurations = (
				28A8FDD027CE7443001F1100 /* Debug */,
				28A8FDD127CE7443001F1100 /* Release */,
			);
			defaultConfigurationIsVisible = 0;
			defaultConfigurationName = Release;
		};
		28A8FDD227CE7443001F1100 /* Build configuration list for PBXNativeTarget "CoinRadar" */ = {
			isa = XCConfigurationList;
			buildConfigurations = (
				28A8FDD327CE7443001F1100 /* Debug */,
				28A8FDD427CE7443001F1100 /* Release */,
			);
			defaultConfigurationIsVisible = 0;
			defaultConfigurationName = Release;
		};
/* End XCConfigurationList section */
	};
	rootObject = 28A8FDBC27CE7442001F1100 /* Project object */;
}
